
Microsoft Visual Studio Solution File, Format Version 12.00
# Visual Studio Version 17
VisualStudioVersion = 17.11.35327.3
MinimumVisualStudioVersion = 10.0.40219.1
Project("{FAE04EC0-301F-11D3-BF4B-00C04F79EFBC}") = "C3BAI2", "C3BAI2.csproj", "{64E7BCBD-BEFC-4215-A7F1-50E1B3D6CE4D}"
EndProject
Global
	GlobalSection(SolutionConfigurationPlatforms) = preSolution
		Debug|Any CPU = Debug|Any CPU
		Release|Any CPU = Release|Any CPU
	EndGlobalSection
	GlobalSection(ProjectConfigurationPlatforms) = postSolution
		{64E7BCBD-BEFC-4215-A7F1-50E1B3D6CE4D}.Debug|Any CPU.ActiveCfg = Debug|Any CPU
		{64E7BCBD-BEFC-4215-A7F1-50E1B3D6CE4D}.Debug|Any CPU.Build.0 = Debug|Any CPU
		{64E7BCBD-BEFC-4215-A7F1-50E1B3D6CE4D}.Release|Any CPU.ActiveCfg = Release|Any CPU
		{64E7BCBD-BEFC-4215-A7F1-50E1B3D6CE4D}.Release|Any CPU.Build.0 = Release|Any CPU
	EndGlobalSection
	GlobalSection(SolutionProperties) = preSolution
		HideSolutionNode = FALSE
	EndGlobalSection
	GlobalSection(ExtensibilityGlobals) = postSolution
		SolutionGuid = {55D7D7A3-76AA-48B9-9085-A7077BEA37A4}
	EndGlobalSection
EndGlobal
