
Microsoft Visual Studio Solution File, Format Version 12.00
# Visual Studio Version 17
VisualStudioVersion = 17.11.35327.3
MinimumVisualStudioVersion = 10.0.40219.1
Project("{FAE04EC0-301F-11D3-BF4B-00C04F79EFBC}") = "C3BAI4", "C3BAI4.csproj", "{F71A5ABC-2B9A-4659-9FEC-02FDF0F04E78}"
EndProject
Global
	GlobalSection(SolutionConfigurationPlatforms) = preSolution
		Debug|Any CPU = Debug|Any CPU
		Release|Any CPU = Release|Any CPU
	EndGlobalSection
	GlobalSection(ProjectConfigurationPlatforms) = postSolution
		{F71A5ABC-2B9A-4659-9FEC-02FDF0F04E78}.Debug|Any CPU.ActiveCfg = Debug|Any CPU
		{F71A5ABC-2B9A-4659-9FEC-02FDF0F04E78}.Debug|Any CPU.Build.0 = Debug|Any CPU
		{F71A5ABC-2B9A-4659-9FEC-02FDF0F04E78}.Release|Any CPU.ActiveCfg = Release|Any CPU
		{F71A5ABC-2B9A-4659-9FEC-02FDF0F04E78}.Release|Any CPU.Build.0 = Release|Any CPU
	EndGlobalSection
	GlobalSection(SolutionProperties) = preSolution
		HideSolutionNode = FALSE
	EndGlobalSection
	GlobalSection(ExtensibilityGlobals) = postSolution
		SolutionGuid = {5A8DB2BF-F737-4427-B0B8-D99437136C1B}
	EndGlobalSection
EndGlobal
