
Microsoft Visual Studio Solution File, Format Version 12.00
# Visual Studio Version 17
VisualStudioVersion = 17.11.35327.3
MinimumVisualStudioVersion = 10.0.40219.1
Project("{FAE04EC0-301F-11D3-BF4B-00C04F79EFBC}") = "C3BAI7", "C3BAI7.csproj", "{E4865D95-D9DC-4A4D-91E3-E48A65004EF3}"
EndProject
Global
	GlobalSection(SolutionConfigurationPlatforms) = preSolution
		Debug|Any CPU = Debug|Any CPU
		Release|Any CPU = Release|Any CPU
	EndGlobalSection
	GlobalSection(ProjectConfigurationPlatforms) = postSolution
		{E4865D95-D9DC-4A4D-91E3-E48A65004EF3}.Debug|Any CPU.ActiveCfg = Debug|Any CPU
		{E4865D95-D9DC-4A4D-91E3-E48A65004EF3}.Debug|Any CPU.Build.0 = Debug|Any CPU
		{E4865D95-D9DC-4A4D-91E3-E48A65004EF3}.Release|Any CPU.ActiveCfg = Release|Any CPU
		{E4865D95-D9DC-4A4D-91E3-E48A65004EF3}.Release|Any CPU.Build.0 = Release|Any CPU
	EndGlobalSection
	GlobalSection(SolutionProperties) = preSolution
		HideSolutionNode = FALSE
	EndGlobalSection
	GlobalSection(ExtensibilityGlobals) = postSolution
		SolutionGuid = {7BF23EC1-0BE7-4108-A545-493BB7D5E55A}
	EndGlobalSection
EndGlobal
