
Microsoft Visual Studio Solution File, Format Version 12.00
# Visual Studio Version 17
VisualStudioVersion = 17.11.35327.3
MinimumVisualStudioVersion = 10.0.40219.1
Project("{FAE04EC0-301F-11D3-BF4B-00C04F79EFBC}") = "C3BAI6", "C3BAI6.csproj", "{EAE67D8A-E2E9-49F6-AF19-1CE6BC0A8E09}"
EndProject
Global
	GlobalSection(SolutionConfigurationPlatforms) = preSolution
		Debug|Any CPU = Debug|Any CPU
		Release|Any CPU = Release|Any CPU
	EndGlobalSection
	GlobalSection(ProjectConfigurationPlatforms) = postSolution
		{EAE67D8A-E2E9-49F6-AF19-1CE6BC0A8E09}.Debug|Any CPU.ActiveCfg = Debug|Any CPU
		{EAE67D8A-E2E9-49F6-AF19-1CE6BC0A8E09}.Debug|Any CPU.Build.0 = Debug|Any CPU
		{EAE67D8A-E2E9-49F6-AF19-1CE6BC0A8E09}.Release|Any CPU.ActiveCfg = Release|Any CPU
		{EAE67D8A-E2E9-49F6-AF19-1CE6BC0A8E09}.Release|Any CPU.Build.0 = Release|Any CPU
	EndGlobalSection
	GlobalSection(SolutionProperties) = preSolution
		HideSolutionNode = FALSE
	EndGlobalSection
	GlobalSection(ExtensibilityGlobals) = postSolution
		SolutionGuid = {DDCAD411-22FD-4745-BFB8-B37D54AD64A4}
	EndGlobalSection
EndGlobal
